
Microsoft Visual Studio Solution File, Format Version 12.00
# Visual Studio 15
VisualStudioVersion = 15.0.26730.16
MinimumVisualStudioVersion = 10.0.40219.1
Project("{FAE04EC0-301F-11D3-BF4B-00C04F79EFBC}") = "ConsoleApp1", "ConsoleApp1\ConsoleApp1.csproj", "{24C0B5EF-2180-4AD2-A987-DCEAD222B784}"
EndProject
Global
	GlobalSection(SolutionConfigurationPlatforms) = preSolution
		Debug|Any CPU = Debug|Any CPU
		Release|Any CPU = Release|Any CPU
	EndGlobalSection
	GlobalSection(ProjectConfigurationPlatforms) = postSolution
		{24C0B5EF-2180-4AD2-A987-DCEAD222B784}.Debug|Any CPU.ActiveCfg = Debug|Any CPU
		{24C0B5EF-2180-4AD2-A987-DCEAD222B784}.Debug|Any CPU.Build.0 = Debug|Any CPU
		{24C0B5EF-2180-4AD2-A987-DCEAD222B784}.Release|Any CPU.ActiveCfg = Release|Any CPU
		{24C0B5EF-2180-4AD2-A987-DCEAD222B784}.Release|Any CPU.Build.0 = Release|Any CPU
	EndGlobalSection
	GlobalSection(SolutionProperties) = preSolution
		HideSolutionNode = FALSE
	EndGlobalSection
	GlobalSection(ExtensibilityGlobals) = postSolution
		SolutionGuid = {C3D7276F-CD4A-449E-95DD-D0874C914969}
	EndGlobalSection
EndGlobal
